
Microsoft Visual Studio Solution File, Format Version 12.00
# Visual Studio 15
Project("{FAE04EC0-301F-11D3-BF4B-00C04F79EFBC}") = "Assembly-CSharp", "Assembly-CSharp.csproj", "{3736E1D9-D333-D230-9E2C-B5AD52CEAD91}"
EndProject
Global
	GlobalSection(SolutionConfigurationPlatforms) = preSolution
		Debug|Any CPU = Debug|Any CPU
		Release|Any CPU = Release|Any CPU
	EndGlobalSection
	GlobalSection(ProjectConfigurationPlatforms) = postSolution
		{3736E1D9-D333-D230-9E2C-B5AD52CEAD91}.Debug|Any CPU.ActiveCfg = Debug|Any CPU
		{3736E1D9-D333-D230-9E2C-B5AD52CEAD91}.Debug|Any CPU.Build.0 = Debug|Any CPU
		{3736E1D9-D333-D230-9E2C-B5AD52CEAD91}.Release|Any CPU.ActiveCfg = Release|Any CPU
		{3736E1D9-D333-D230-9E2C-B5AD52CEAD91}.Release|Any CPU.Build.0 = Release|Any CPU
	EndGlobalSection
	GlobalSection(SolutionProperties) = preSolution
		HideSolutionNode = FALSE
	EndGlobalSection
EndGlobal
